
Microsoft Visual Studio Solution File, Format Version 12.00
# Visual Studio Version 16
VisualStudioVersion = 16.0.29806.167
MinimumVisualStudioVersion = 10.0.40219.1
Project("{FAE04EC0-301F-11D3-BF4B-00C04F79EFBC}") = "TheStockRoom.WebMVC", "TheStockRoom.WebMVC\TheStockRoom.WebMVC.csproj", "{730039F3-D471-48BB-8E09-EDEDA5A42DA4}"
EndProject
Project("{FAE04EC0-301F-11D3-BF4B-00C04F79EFBC}") = "TheStockRoom.Data", "TheStockRoom.Data\TheStockRoom.Data.csproj", "{8E5B6B5C-3406-4FEB-9C52-FA5239A86B50}"
EndProject
Project("{FAE04EC0-301F-11D3-BF4B-00C04F79EFBC}") = "TheStockRoom.Models", "TheStockRoom.Models\TheStockRoom.Models.csproj", "{807B017D-F4ED-42BD-986B-6501C4FE2585}"
EndProject
Project("{FAE04EC0-301F-11D3-BF4B-00C04F79EFBC}") = "TheStockRoom.Services", "TheStockRoom.Services\TheStockRoom.Services.csproj", "{B300AAA2-6853-4E4D-BD17-D3D37B068DC0}"
EndProject
Global
	GlobalSection(SolutionConfigurationPlatforms) = preSolution
		Debug|Any CPU = Debug|Any CPU
		Release|Any CPU = Release|Any CPU
	EndGlobalSection
	GlobalSection(ProjectConfigurationPlatforms) = postSolution
		{730039F3-D471-48BB-8E09-EDEDA5A42DA4}.Debug|Any CPU.ActiveCfg = Debug|Any CPU
		{730039F3-D471-48BB-8E09-EDEDA5A42DA4}.Debug|Any CPU.Build.0 = Debug|Any CPU
		{730039F3-D471-48BB-8E09-EDEDA5A42DA4}.Release|Any CPU.ActiveCfg = Release|Any CPU
		{730039F3-D471-48BB-8E09-EDEDA5A42DA4}.Release|Any CPU.Build.0 = Release|Any CPU
		{8E5B6B5C-3406-4FEB-9C52-FA5239A86B50}.Debug|Any CPU.ActiveCfg = Debug|Any CPU
		{8E5B6B5C-3406-4FEB-9C52-FA5239A86B50}.Debug|Any CPU.Build.0 = Debug|Any CPU
		{8E5B6B5C-3406-4FEB-9C52-FA5239A86B50}.Release|Any CPU.ActiveCfg = Release|Any CPU
		{8E5B6B5C-3406-4FEB-9C52-FA5239A86B50}.Release|Any CPU.Build.0 = Release|Any CPU
		{807B017D-F4ED-42BD-986B-6501C4FE2585}.Debug|Any CPU.ActiveCfg = Debug|Any CPU
		{807B017D-F4ED-42BD-986B-6501C4FE2585}.Debug|Any CPU.Build.0 = Debug|Any CPU
		{807B017D-F4ED-42BD-986B-6501C4FE2585}.Release|Any CPU.ActiveCfg = Release|Any CPU
		{807B017D-F4ED-42BD-986B-6501C4FE2585}.Release|Any CPU.Build.0 = Release|Any CPU
		{B300AAA2-6853-4E4D-BD17-D3D37B068DC0}.Debug|Any CPU.ActiveCfg = Debug|Any CPU
		{B300AAA2-6853-4E4D-BD17-D3D37B068DC0}.Debug|Any CPU.Build.0 = Debug|Any CPU
		{B300AAA2-6853-4E4D-BD17-D3D37B068DC0}.Release|Any CPU.ActiveCfg = Release|Any CPU
		{B300AAA2-6853-4E4D-BD17-D3D37B068DC0}.Release|Any CPU.Build.0 = Release|Any CPU
	EndGlobalSection
	GlobalSection(SolutionProperties) = preSolution
		HideSolutionNode = FALSE
	EndGlobalSection
	GlobalSection(ExtensibilityGlobals) = postSolution
		SolutionGuid = {B4C1C34D-C187-4C3D-9B00-D85B471BC978}
	EndGlobalSection
EndGlobal
